{
  "name": "j-random-functions",
  "version": "1.0.0",
  "lockfileVersion": 3,
  "requires": true,
  "packages": {
    "": {
      "name": "j-random-functions",
      "version": "1.0.0",
      "license": "ISC",
      "dependencies": {
        "j-memoryhelper-functions": "^1.0.0",
        "j-object-functions": "^1.0.2"
      }
    },
    "node_modules/j-memoryhelper-functions": {
      "version": "1.0.1",
      "resolved": "https://registry.npmjs.org/j-memoryhelper-functions/-/j-memoryhelper-functions-1.0.1.tgz",
      "integrity": "sha512-EH9GTSzYx5JIKjM3fSAy95chqtKj/oy1K8RJ6z8PjY/gYpfHGcExQ2LgeEhnSoxcpD64uZ1PuCruS1Mc4NycLg==",
      "dependencies": {
        "j-object-functions": "^1.0.2"
      }
    },
    "node_modules/j-object-functions": {
      "version": "1.0.2",
      "resolved": "https://registry.npmjs.org/j-object-functions/-/j-object-functions-1.0.2.tgz",
      "integrity": "sha512-1V2euLgnfd5pHDHNTTpqnHwuA0If050uIj4J6AVcaKkHJjiCYuTD2BughgWCB738ePDw7fiKMKErYJDS36NDpQ=="
    }
  }
}
